// !$*UTF8*$!
{
	archiveVersion = 1;
	classes = {
	};
	objectVersion = 56;
	objects = {

/* Begin PBXBuildFile section */
		85B9DDEA2B686B7D00F0B660 /* AIMusicAppApp.swift in Sources */ = {isa = PBXBuildFile; fileRef = 85B9DDE92B686B7D00F0B660 /* AIMusicAppApp.swift */; };
		85B9DDEC2B686B7D00F0B660 /* ContentView.swift in Sources */ = {isa = PBXBuildFile; fileRef = 85B9DDEB2B686B7D00F0B660 /* ContentView.swift */; };
		85B9DDEE2B686B7F00F0B660 /* Assets.xcassets in Resources */ = {isa = PBXBuildFile; fileRef = 85B9DDED2B686B7F00F0B660 /* Assets.xcassets */; };
		85B9DDF12B686B7F00F0B660 /* Preview Assets.xcassets in Resources */ = {isa = PBXBuildFile; fileRef = 85B9DDF02B686B7F00F0B660 /* Preview Assets.xcassets */; };
		85B9DDFB2B686B7F00F0B660 /* AIMusicAppTests.swift in Sources */ = {isa = PBXBuildFile; fileRef = 85B9DDFA2B686B7F00F0B660 /* AIMusicAppTests.swift */; };
		85B9DE052B686B7F00F0B660 /* AIMusicAppUITests.swift in Sources */ = {isa = PBXBuildFile; fileRef = 85B9DE042B686B7F00F0B660 /* AIMusicAppUITests.swift */; };
		85B9DE072B686B7F00F0B660 /* AIMusicAppUITestsLaunchTests.swift in Sources */ = {isa = PBXBuildFile; fileRef = 85B9DE062B686B7F00F0B660 /* AIMusicAppUITestsLaunchTests.swift */; };
		85B9DE142B686C1600F0B660 /* number1.swift in Sources */ = {isa = PBXBuildFile; fileRef = 85B9DE132B686C1600F0B660 /* number1.swift */; };
		85B9DE162B686C2200F0B660 /* number2.swift in Sources */ = {isa = PBXBuildFile; fileRef = 85B9DE152B686C2200F0B660 /* number2.swift */; };
		85B9DE182B686C2E00F0B660 /* number3.swift in Sources */ = {isa = PBXBuildFile; fileRef = 85B9DE172B686C2E00F0B660 /* number3.swift */; };
/* End PBXBuildFile section */

/* Begin PBXContainerItemProxy section */
		85B9DDF72B686B7F00F0B660 /* PBXContainerItemProxy */ = {
			isa = PBXContainerItemProxy;
			containerPortal = 85B9DDDE2B686B7D00F0B660 /* Project object */;
			proxyType = 1;
			remoteGlobalIDString = 85B9DDE52B686B7D00F0B660;
			remoteInfo = AIMusicApp;
		};
		85B9DE012B686B7F00F0B660 /* PBXContainerItemProxy */ = {
			isa = PBXContainerItemProxy;
			containerPortal = 85B9DDDE2B686B7D00F0B660 /* Project object */;
			proxyType = 1;
			remoteGlobalIDString = 85B9DDE52B686B7D00F0B660;
			remoteInfo = AIMusicApp;
		};
/* End PBXContainerItemProxy section */

/* Begin PBXFileReference section */
		85B9DDE62B686B7D00F0B660 /* AIMusicApp.app */ = {isa = PBXFileReference; explicitFileType = wrapper.application; includeInIndex = 0; path = AIMusicApp.app; sourceTree = BUILT_PRODUCTS_DIR; };
		85B9DDE92B686B7D00F0B660 /* AIMusicAppApp.swift */ = {isa = PBXFileReference; lastKnownFileType = sourcecode.swift; path = AIMusicAppApp.swift; sourceTree = "<group>"; };
		85B9DDEB2B686B7D00F0B660 /* ContentView.swift */ = {isa = PBXFileReference; lastKnownFileType = sourcecode.swift; path = ContentView.swift; sourceTree = "<group>"; };
		85B9DDED2B686B7F00F0B660 /* Assets.xcassets */ = {isa = PBXFileReference; lastKnownFileType = folder.assetcatalog; path = Assets.xcassets; sourceTree = "<group>"; };
		85B9DDF02B686B7F00F0B660 /* Preview Assets.xcassets */ = {isa = PBXFileReference; lastKnownFileType = folder.assetcatalog; path = "Preview Assets.xcassets"; sourceTree = "<group>"; };
		85B9DDF62B686B7F00F0B660 /* AIMusicAppTests.xctest */ = {isa = PBXFileReference; explicitFileType = wrapper.cfbundle; includeInIndex = 0; path = AIMusicAppTests.xctest; sourceTree = BUILT_PRODUCTS_DIR; };
		85B9DDFA2B686B7F00F0B660 /* AIMusicAppTests.swift */ = {isa = PBXFileReference; lastKnownFileType = sourcecode.swift; path = AIMusicAppTests.swift; sourceTree = "<group>"; };
		85B9DE002B686B7F00F0B660 /* AIMusicAppUITests.xctest */ = {isa = PBXFileReference; explicitFileType = wrapper.cfbundle; includeInIndex = 0; path = AIMusicAppUITests.xctest; sourceTree = BUILT_PRODUCTS_DIR; };
		85B9DE042B686B7F00F0B660 /* AIMusicAppUITests.swift */ = {isa = PBXFileReference; lastKnownFileType = sourcecode.swift; path = AIMusicAppUITests.swift; sourceTree = "<group>"; };
		85B9DE062B686B7F00F0B660 /* AIMusicAppUITestsLaunchTests.swift */ = {isa = PBXFileReference; lastKnownFileType = sourcecode.swift; path = AIMusicAppUITestsLaunchTests.swift; sourceTree = "<group>"; };
		85B9DE132B686C1600F0B660 /* number1.swift */ = {isa = PBXFileReference; lastKnownFileType = sourcecode.swift; path = number1.swift; sourceTree = "<group>"; };
		85B9DE152B686C2200F0B660 /* number2.swift */ = {isa = PBXFileReference; lastKnownFileType = sourcecode.swift; path = number2.swift; sourceTree = "<group>"; };
		85B9DE172B686C2E00F0B660 /* number3.swift */ = {isa = PBXFileReference; lastKnownFileType = sourcecode.swift; path = number3.swift; sourceTree = "<group>"; };
/* End PBXFileReference section */

/* Begin PBXFrameworksBuildPhase section */
		85B9DDE32B686B7D00F0B660 /* Frameworks */ = {
			isa = PBXFrameworksBuildPhase;
			buildActionMask = 2147483647;
			files = (
			);
			runOnlyForDeploymentPostprocessing = 0;
		};
		85B9DDF32B686B7F00F0B660 /* Frameworks */ = {
			isa = PBXFrameworksBuildPhase;
			buildActionMask = 2147483647;
			files = (
			);
			runOnlyForDeploymentPostprocessing = 0;
		};
		85B9DDFD2B686B7F00F0B660 /* Frameworks */ = {
			isa = PBXFrameworksBuildPhase;
			buildActionMask = 2147483647;
			files = (
			);
			runOnlyForDeploymentPostprocessing = 0;
		};
/* End PBXFrameworksBuildPhase section */

/* Begin PBXGroup section */
		85B9DDDD2B686B7D00F0B660 = {
			isa = PBXGroup;
			children = (
				85B9DDE82B686B7D00F0B660 /* AIMusicApp */,
				85B9DDF92B686B7F00F0B660 /* AIMusicAppTests */,
				85B9DE032B686B7F00F0B660 /* AIMusicAppUITests */,
				85B9DDE72B686B7D00F0B660 /* Products */,
			);
			sourceTree = "<group>";
		};
		85B9DDE72B686B7D00F0B660 /* Products */ = {
			isa = PBXGroup;
			children = (
				85B9DDE62B686B7D00F0B660 /* AIMusicApp.app */,
				85B9DDF62B686B7F00F0B660 /* AIMusicAppTests.xctest */,
				85B9DE002B686B7F00F0B660 /* AIMusicAppUITests.xctest */,
			);
			name = Products;
			sourceTree = "<group>";
		};
		85B9DDE82B686B7D00F0B660 /* AIMusicApp */ = {
			isa = PBXGroup;
			children = (
				85B9DDE92B686B7D00F0B660 /* AIMusicAppApp.swift */,
				85B9DDEB2B686B7D00F0B660 /* ContentView.swift */,
				85B9DE152B686C2200F0B660 /* number2.swift */,
				85B9DE172B686C2E00F0B660 /* number3.swift */,
				85B9DE132B686C1600F0B660 /* number1.swift */,
				85B9DDED2B686B7F00F0B660 /* Assets.xcassets */,
				85B9DDEF2B686B7F00F0B660 /* Preview Content */,
			);
			path = AIMusicApp;
			sourceTree = "<group>";
		};
		85B9DDEF2B686B7F00F0B660 /* Preview Content */ = {
			isa = PBXGroup;
			children = (
				85B9DDF02B686B7F00F0B660 /* Preview Assets.xcassets */,
			);
			path = "Preview Content";
			sourceTree = "<group>";
		};
		85B9DDF92B686B7F00F0B660 /* AIMusicAppTests */ = {
			isa = PBXGroup;
			children = (
				85B9DDFA2B686B7F00F0B660 /* AIMusicAppTests.swift */,
			);
			path = AIMusicAppTests;
			sourceTree = "<group>";
		};
		85B9DE032B686B7F00F0B660 /* AIMusicAppUITests */ = {
			isa = PBXGroup;
			children = (
				85B9DE042B686B7F00F0B660 /* AIMusicAppUITests.swift */,
				85B9DE062B686B7F00F0B660 /* AIMusicAppUITestsLaunchTests.swift */,
			);
			path = AIMusicAppUITests;
			sourceTree = "<group>";
		};
/* End PBXGroup section */

/* Begin PBXNativeTarget section */
		85B9DDE52B686B7D00F0B660 /* AIMusicApp */ = {
			isa = PBXNativeTarget;
			buildConfigurationList = 85B9DE0A2B686B7F00F0B660 /* Build configuration list for PBXNativeTarget "AIMusicApp" */;
			buildPhases = (
				85B9DDE22B686B7D00F0B660 /* Sources */,
				85B9DDE32B686B7D00F0B660 /* Frameworks */,
				85B9DDE42B686B7D00F0B660 /* Resources */,
			);
			buildRules = (
			);
			dependencies = (
			);
			name = AIMusicApp;
			productName = AIMusicApp;
			productReference = 85B9DDE62B686B7D00F0B660 /* AIMusicApp.app */;
			productType = "com.apple.product-type.application";
		};
		85B9DDF52B686B7F00F0B660 /* AIMusicAppTests */ = {
			isa = PBXNativeTarget;
			buildConfigurationList = 85B9DE0D2B686B7F00F0B660 /* Build configuration list for PBXNativeTarget "AIMusicAppTests" */;
			buildPhases = (
				85B9DDF22B686B7F00F0B660 /* Sources */,
				85B9DDF32B686B7F00F0B660 /* Frameworks */,
				85B9DDF42B686B7F00F0B660 /* Resources */,
			);
			buildRules = (
			);
			dependencies = (
				85B9DDF82B686B7F00F0B660 /* PBXTargetDependency */,
			);
			name = AIMusicAppTests;
			productName = AIMusicAppTests;
			productReference = 85B9DDF62B686B7F00F0B660 /* AIMusicAppTests.xctest */;
			productType = "com.apple.product-type.bundle.unit-test";
		};
		85B9DDFF2B686B7F00F0B660 /* AIMusicAppUITests */ = {
			isa = PBXNativeTarget;
			buildConfigurationList = 85B9DE102B686B7F00F0B660 /* Build configuration list for PBXNativeTarget "AIMusicAppUITests" */;
			buildPhases = (
				85B9DDFC2B686B7F00F0B660 /* Sources */,
				85B9DDFD2B686B7F00F0B660 /* Frameworks */,
				85B9DDFE2B686B7F00F0B660 /* Resources */,
			);
			buildRules = (
			);
			dependencies = (
				85B9DE022B686B7F00F0B660 /* PBXTargetDependency */,
			);
			name = AIMusicAppUITests;
			productName = AIMusicAppUITests;
			productReference = 85B9DE002B686B7F00F0B660 /* AIMusicAppUITests.xctest */;
			productType = "com.apple.product-type.bundle.ui-testing";
		};
/* End PBXNativeTarget section */

/* Begin PBXProject section */
		85B9DDDE2B686B7D00F0B660 /* Project object */ = {
			isa = PBXProject;
			attributes = {
				BuildIndependentTargetsInParallel = 1;
				LastSwiftUpdateCheck = 1520;
				LastUpgradeCheck = 1520;
				TargetAttributes = {
					85B9DDE52B686B7D00F0B660 = {
						CreatedOnToolsVersion = 15.2;
					};
					85B9DDF52B686B7F00F0B660 = {
						CreatedOnToolsVersion = 15.2;
						TestTargetID = 85B9DDE52B686B7D00F0B660;
					};
					85B9DDFF2B686B7F00F0B660 = {
						CreatedOnToolsVersion = 15.2;
						TestTargetID = 85B9DDE52B686B7D00F0B660;
					};
				};
			};
			buildConfigurationList = 85B9DDE12B686B7D00F0B660 /* Build configuration list for PBXProject "AIMusicApp" */;
			compatibilityVersion = "Xcode 14.0";
			developmentRegion = en;
			hasScannedForEncodings = 0;
			knownRegions = (
				en,
				Base,
			);
			mainGroup = 85B9DDDD2B686B7D00F0B660;
			productRefGroup = 85B9DDE72B686B7D00F0B660 /* Products */;
			projectDirPath = "";
			projectRoot = "";
			targets = (
				85B9DDE52B686B7D00F0B660 /* AIMusicApp */,
				85B9DDF52B686B7F00F0B660 /* AIMusicAppTests */,
				85B9DDFF2B686B7F00F0B660 /* AIMusicAppUITests */,
			);
		};
/* End PBXProject section */

/* Begin PBXResourcesBuildPhase section */
		85B9DDE42B686B7D00F0B660 /* Resources */ = {
			isa = PBXResourcesBuildPhase;
			buildActionMask = 2147483647;
			files = (
				85B9DDF12B686B7F00F0B660 /* Preview Assets.xcassets in Resources */,
				85B9DDEE2B686B7F00F0B660 /* Assets.xcassets in Resources */,
			);
			runOnlyForDeploymentPostprocessing = 0;
		};
		85B9DDF42B686B7F00F0B660 /* Resources */ = {
			isa = PBXResourcesBuildPhase;
			buildActionMask = 2147483647;
			files = (
			);
			runOnlyForDeploymentPostprocessing = 0;
		};
		85B9DDFE2B686B7F00F0B660 /* Resources */ = {
			isa = PBXResourcesBuildPhase;
			buildActionMask = 2147483647;
			files = (
			);
			runOnlyForDeploymentPostprocessing = 0;
		};
/* End PBXResourcesBuildPhase section */

/* Begin PBXSourcesBuildPhase section */
		85B9DDE22B686B7D00F0B660 /* Sources */ = {
			isa = PBXSourcesBuildPhase;
			buildActionMask = 2147483647;
			files = (
				85B9DE142B686C1600F0B660 /* number1.swift in Sources */,
				85B9DDEC2B686B7D00F0B660 /* ContentView.swift in Sources */,
				85B9DDEA2B686B7D00F0B660 /* AIMusicAppApp.swift in Sources */,
				85B9DE182B686C2E00F0B660 /* number3.swift in Sources */,
				85B9DE162B686C2200F0B660 /* number2.swift in Sources */,
			);
			runOnlyForDeploymentPostprocessing = 0;
		};
		85B9DDF22B686B7F00F0B660 /* Sources */ = {
			isa = PBXSourcesBuildPhase;
			buildActionMask = 2147483647;
			files = (
				85B9DDFB2B686B7F00F0B660 /* AIMusicAppTests.swift in Sources */,
			);
			runOnlyForDeploymentPostprocessing = 0;
		};
		85B9DDFC2B686B7F00F0B660 /* Sources */ = {
			isa = PBXSourcesBuildPhase;
			buildActionMask = 2147483647;
			files = (
				85B9DE072B686B7F00F0B660 /* AIMusicAppUITestsLaunchTests.swift in Sources */,
				85B9DE052B686B7F00F0B660 /* AIMusicAppUITests.swift in Sources */,
			);
			runOnlyForDeploymentPostprocessing = 0;
		};
/* End PBXSourcesBuildPhase section */

/* Begin PBXTargetDependency section */
		85B9DDF82B686B7F00F0B660 /* PBXTargetDependency */ = {
			isa = PBXTargetDependency;
			target = 85B9DDE52B686B7D00F0B660 /* AIMusicApp */;
			targetProxy = 85B9DDF72B686B7F00F0B660 /* PBXContainerItemProxy */;
		};
		85B9DE022B686B7F00F0B660 /* PBXTargetDependency */ = {
			isa = PBXTargetDependency;
			target = 85B9DDE52B686B7D00F0B660 /* AIMusicApp */;
			targetProxy = 85B9DE012B686B7F00F0B660 /* PBXContainerItemProxy */;
		};
/* End PBXTargetDependency section */

/* Begin XCBuildConfiguration section */
		85B9DE082B686B7F00F0B660 /* Debug */ = {
			isa = XCBuildConfiguration;
			buildSettings = {
				ALWAYS_SEARCH_USER_PATHS = NO;
				ASSETCATALOG_COMPILER_GENERATE_SWIFT_ASSET_SYMBOL_EXTENSIONS = YES;
				CLANG_ANALYZER_NONNULL = YES;
				CLANG_ANALYZER_NUMBER_OBJECT_CONVERSION = YES_AGGRESSIVE;
				CLANG_CXX_LANGUAGE_STANDARD = "gnu++20";
				CLANG_ENABLE_MODULES = YES;
				CLANG_ENABLE_OBJC_ARC = YES;
				CLANG_ENABLE_OBJC_WEAK = YES;
				CLANG_WARN_BLOCK_CAPTURE_AUTORELEASING = YES;
				CLANG_WARN_BOOL_CONVERSION = YES;
				CLANG_WARN_COMMA = YES;
				CLANG_WARN_CONSTANT_CONVERSION = YES;
				CLANG_WARN_DEPRECATED_OBJC_IMPLEMENTATIONS = YES;
				CLANG_WARN_DIRECT_OBJC_ISA_USAGE = YES_ERROR;
				CLANG_WARN_DOCUMENTATION_COMMENTS = YES;
				CLANG_WARN_EMPTY_BODY = YES;
				CLANG_WARN_ENUM_CONVERSION = YES;
				CLANG_WARN_INFINITE_RECURSION = YES;
				CLANG_WARN_INT_CONVERSION = YES;
				CLANG_WARN_NON_LITERAL_NULL_CONVERSION = YES;
				CLANG_WARN_OBJC_IMPLICIT_RETAIN_SELF = YES;
				CLANG_WARN_OBJC_LITERAL_CONVERSION = YES;
				CLANG_WARN_OBJC_ROOT_CLASS = YES_ERROR;
				CLANG_WARN_QUOTED_INCLUDE_IN_FRAMEWORK_HEADER = YES;
				CLANG_WARN_RANGE_LOOP_ANALYSIS = YES;
				CLANG_WARN_STRICT_PROTOTYPES = YES;
				CLANG_WARN_SUSPICIOUS_MOVE = YES;
				CLANG_WARN_UNGUARDED_AVAILABILITY = YES_AGGRESSIVE;
				CLANG_WARN_UNREACHABLE_CODE = YES;
				CLANG_WARN__DUPLICATE_METHOD_MATCH = YES;
				COPY_PHASE_STRIP = NO;
				DEBUG_INFORMATION_FORMAT = dwarf;
				ENABLE_STRICT_OBJC_MSGSEND = YES;
				ENABLE_TESTABILITY = YES;
				ENABLE_USER_SCRIPT_SANDBOXING = YES;
				GCC_C_LANGUAGE_STANDARD = gnu17;
				GCC_DYNAMIC_NO_PIC = NO;
				GCC_NO_COMMON_BLOCKS = YES;
				GCC_OPTIMIZATION_LEVEL = 0;
				GCC_PREPROCESSOR_DEFINITIONS = (
					"DEBUG=1",
					"$(inherited)",
				);
				GCC_WARN_64_TO_32_BIT_CONVERSION = YES;
				GCC_WARN_ABOUT_RETURN_TYPE = YES_ERROR;
				GCC_WARN_UNDECLARED_SELECTOR = YES;
				GCC_WARN_UNINITIALIZED_AUTOS = YES_AGGRESSIVE;
				GCC_WARN_UNUSED_FUNCTION = YES;
				GCC_WARN_UNUSED_VARIABLE = YES;
				IPHONEOS_DEPLOYMENT_TARGET = 17.2;
				LOCALIZATION_PREFERS_STRING_CATALOGS = YES;
				MTL_ENABLE_DEBUG_INFO = INCLUDE_SOURCE;
				MTL_FAST_MATH = YES;
				ONLY_ACTIVE_ARCH = YES;
				SDKROOT = iphoneos;
				SWIFT_ACTIVE_COMPILATION_CONDITIONS = "DEBUG $(inherited)";
				SWIFT_OPTIMIZATION_LEVEL = "-Onone";
			};
			name = Debug;
		};
		85B9DE092B686B7F00F0B660 /* Release */ = {
			isa = XCBuildConfiguration;
			buildSettings = {
				ALWAYS_SEARCH_USER_PATHS = NO;
				ASSETCATALOG_COMPILER_GENERATE_SWIFT_ASSET_SYMBOL_EXTENSIONS = YES;
				CLANG_ANALYZER_NONNULL = YES;
				CLANG_ANALYZER_NUMBER_OBJECT_CONVERSION = YES_AGGRESSIVE;
				CLANG_CXX_LANGUAGE_STANDARD = "gnu++20";
				CLANG_ENABLE_MODULES = YES;
				CLANG_ENABLE_OBJC_ARC = YES;
				CLANG_ENABLE_OBJC_WEAK = YES;
				CLANG_WARN_BLOCK_CAPTURE_AUTORELEASING = YES;
				CLANG_WARN_BOOL_CONVERSION = YES;
				CLANG_WARN_COMMA = YES;
				CLANG_WARN_CONSTANT_CONVERSION = YES;
				CLANG_WARN_DEPRECATED_OBJC_IMPLEMENTATIONS = YES;
				CLANG_WARN_DIRECT_OBJC_ISA_USAGE = YES_ERROR;
				CLANG_WARN_DOCUMENTATION_COMMENTS = YES;
				CLANG_WARN_EMPTY_BODY = YES;
				CLANG_WARN_ENUM_CONVERSION = YES;
				CLANG_WARN_INFINITE_RECURSION = YES;
				CLANG_WARN_INT_CONVERSION = YES;
				CLANG_WARN_NON_LITERAL_NULL_CONVERSION = YES;
				CLANG_WARN_OBJC_IMPLICIT_RETAIN_SELF = YES;
				CLANG_WARN_OBJC_LITERAL_CONVERSION = YES;
				CLANG_WARN_OBJC_ROOT_CLASS = YES_ERROR;
				CLANG_WARN_QUOTED_INCLUDE_IN_FRAMEWORK_HEADER = YES;
				CLANG_WARN_RANGE_LOOP_ANALYSIS = YES;
				CLANG_WARN_STRICT_PROTOTYPES = YES;
				CLANG_WARN_SUSPICIOUS_MOVE = YES;
				CLANG_WARN_UNGUARDED_AVAILABILITY = YES_AGGRESSIVE;
				CLANG_WARN_UNREACHABLE_CODE = YES;
				CLANG_WARN__DUPLICATE_METHOD_MATCH = YES;
				COPY_PHASE_STRIP = NO;
				DEBUG_INFORMATION_FORMAT = "dwarf-with-dsym";
				ENABLE_NS_ASSERTIONS = NO;
				ENABLE_STRICT_OBJC_MSGSEND = YES;
				ENABLE_USER_SCRIPT_SANDBOXING = YES;
				GCC_C_LANGUAGE_STANDARD = gnu17;
				GCC_NO_COMMON_BLOCKS = YES;
				GCC_WARN_64_TO_32_BIT_CONVERSION = YES;
				GCC_WARN_ABOUT_RETURN_TYPE = YES_ERROR;
				GCC_WARN_UNDECLARED_SELECTOR = YES;
				GCC_WARN_UNINITIALIZED_AUTOS = YES_AGGRESSIVE;
				GCC_WARN_UNUSED_FUNCTION = YES;
				GCC_WARN_UNUSED_VARIABLE = YES;
				IPHONEOS_DEPLOYMENT_TARGET = 17.2;
				LOCALIZATION_PREFERS_STRING_CATALOGS = YES;
				MTL_ENABLE_DEBUG_INFO = NO;
				MTL_FAST_MATH = YES;
				SDKROOT = iphoneos;
				SWIFT_COMPILATION_MODE = wholemodule;
				VALIDATE_PRODUCT = YES;
			};
			name = Release;
		};
		85B9DE0B2B686B7F00F0B660 /* Debug */ = {
			isa = XCBuildConfiguration;
			buildSettings = {
				ASSETCATALOG_COMPILER_APPICON_NAME = AppIcon;
				ASSETCATALOG_COMPILER_GLOBAL_ACCENT_COLOR_NAME = AccentColor;
				CODE_SIGN_STYLE = Automatic;
				CURRENT_PROJECT_VERSION = 1;
				DEVELOPMENT_ASSET_PATHS = "\"AIMusicApp/Preview Content\"";
				DEVELOPMENT_TEAM = 2DN75KGK6S;
				ENABLE_PREVIEWS = YES;
				GENERATE_INFOPLIST_FILE = YES;
				INFOPLIST_KEY_UIApplicationSceneManifest_Generation = YES;
				INFOPLIST_KEY_UIApplicationSupportsIndirectInputEvents = YES;
				INFOPLIST_KEY_UILaunchScreen_Generation = YES;
				INFOPLIST_KEY_UISupportedInterfaceOrientations_iPad = "UIInterfaceOrientationPortrait UIInterfaceOrientationPortraitUpsideDown UIInterfaceOrientationLandscapeLeft UIInterfaceOrientationLandscapeRight";
				INFOPLIST_KEY_UISupportedInterfaceOrientations_iPhone = "UIInterfaceOrientationPortrait UIInterfaceOrientationLandscapeLeft UIInterfaceOrientationLandscapeRight";
				IPHONEOS_DEPLOYMENT_TARGET = 16.2;
				LD_RUNPATH_SEARCH_PATHS = (
					"$(inherited)",
					"@executable_path/Frameworks",
				);
				MARKETING_VERSION = 1.0;
				PRODUCT_BUNDLE_IDENTIFIER = AbrahamOrganiship.AIMusicApp;
				PRODUCT_NAME = "$(TARGET_NAME)";
				SWIFT_EMIT_LOC_STRINGS = YES;
				SWIFT_VERSION = 5.0;
				TARGETED_DEVICE_FAMILY = "1,2";
			};
			name = Debug;
		};
		85B9DE0C2B686B7F00F0B660 /* Release */ = {
			isa = XCBuildConfiguration;
			buildSettings = {
				ASSETCATALOG_COMPILER_APPICON_NAME = AppIcon;
				ASSETCATALOG_COMPILER_GLOBAL_ACCENT_COLOR_NAME = AccentColor;
				CODE_SIGN_STYLE = Automatic;
				CURRENT_PROJECT_VERSION = 1;
				DEVELOPMENT_ASSET_PATHS = "\"AIMusicApp/Preview Content\"";
				DEVELOPMENT_TEAM = 2DN75KGK6S;
				ENABLE_PREVIEWS = YES;
				GENERATE_INFOPLIST_FILE = YES;
				INFOPLIST_KEY_UIApplicationSceneManifest_Generation = YES;
				INFOPLIST_KEY_UIApplicationSupportsIndirectInputEvents = YES;
				INFOPLIST_KEY_UILaunchScreen_Generation = YES;
				INFOPLIST_KEY_UISupportedInterfaceOrientations_iPad = "UIInterfaceOrientationPortrait UIInterfaceOrientationPortraitUpsideDown UIInterfaceOrientationLandscapeLeft UIInterfaceOrientationLandscapeRight";
				INFOPLIST_KEY_UISupportedInterfaceOrientations_iPhone = "UIInterfaceOrientationPortrait UIInterfaceOrientationLandscapeLeft UIInterfaceOrientationLandscapeRight";
				IPHONEOS_DEPLOYMENT_TARGET = 16.2;
				LD_RUNPATH_SEARCH_PATHS = (
					"$(inherited)",
					"@executable_path/Frameworks",
				);
				MARKETING_VERSION = 1.0;
				PRODUCT_BUNDLE_IDENTIFIER = AbrahamOrganiship.AIMusicApp;
				PRODUCT_NAME = "$(TARGET_NAME)";
				SWIFT_EMIT_LOC_STRINGS = YES;
				SWIFT_VERSION = 5.0;
				TARGETED_DEVICE_FAMILY = "1,2";
			};
			name = Release;
		};
		85B9DE0E2B686B7F00F0B660 /* Debug */ = {
			isa = XCBuildConfiguration;
			buildSettings = {
				ALWAYS_EMBED_SWIFT_STANDARD_LIBRARIES = YES;
				BUNDLE_LOADER = "$(TEST_HOST)";
				CODE_SIGN_STYLE = Automatic;
				CURRENT_PROJECT_VERSION = 1;
				DEVELOPMENT_TEAM = WHB97KRP2U;
				GENERATE_INFOPLIST_FILE = YES;
				IPHONEOS_DEPLOYMENT_TARGET = 17.2;
				MARKETING_VERSION = 1.0;
				PRODUCT_BUNDLE_IDENTIFIER = AbrahamOrganiship.AIMusicAppTests;
				PRODUCT_NAME = "$(TARGET_NAME)";
				SWIFT_EMIT_LOC_STRINGS = NO;
				SWIFT_VERSION = 5.0;
				TARGETED_DEVICE_FAMILY = "1,2";
				TEST_HOST = "$(BUILT_PRODUCTS_DIR)/AIMusicApp.app/$(BUNDLE_EXECUTABLE_FOLDER_PATH)/AIMusicApp";
			};
			name = Debug;
		};
		85B9DE0F2B686B7F00F0B660 /* Release */ = {
			isa = XCBuildConfiguration;
			buildSettings = {
				ALWAYS_EMBED_SWIFT_STANDARD_LIBRARIES = YES;
				BUNDLE_LOADER = "$(TEST_HOST)";
				CODE_SIGN_STYLE = Automatic;
				CURRENT_PROJECT_VERSION = 1;
				DEVELOPMENT_TEAM = WHB97KRP2U;
				GENERATE_INFOPLIST_FILE = YES;
				IPHONEOS_DEPLOYMENT_TARGET = 17.2;
				MARKETING_VERSION = 1.0;
				PRODUCT_BUNDLE_IDENTIFIER = AbrahamOrganiship.AIMusicAppTests;
				PRODUCT_NAME = "$(TARGET_NAME)";
				SWIFT_EMIT_LOC_STRINGS = NO;
				SWIFT_VERSION = 5.0;
				TARGETED_DEVICE_FAMILY = "1,2";
				TEST_HOST = "$(BUILT_PRODUCTS_DIR)/AIMusicApp.app/$(BUNDLE_EXECUTABLE_FOLDER_PATH)/AIMusicApp";
			};
			name = Release;
		};
		85B9DE112B686B7F00F0B660 /* Debug */ = {
			isa = XCBuildConfiguration;
			buildSettings = {
				ALWAYS_EMBED_SWIFT_STANDARD_LIBRARIES = YES;
				CODE_SIGN_STYLE = Automatic;
				CURRENT_PROJECT_VERSION = 1;
				DEVELOPMENT_TEAM = WHB97KRP2U;
				GENERATE_INFOPLIST_FILE = YES;
				MARKETING_VERSION = 1.0;
				PRODUCT_BUNDLE_IDENTIFIER = AbrahamOrganiship.AIMusicAppUITests;
				PRODUCT_NAME = "$(TARGET_NAME)";
				SWIFT_EMIT_LOC_STRINGS = NO;
				SWIFT_VERSION = 5.0;
				TARGETED_DEVICE_FAMILY = "1,2";
				TEST_TARGET_NAME = AIMusicApp;
			};
			name = Debug;
		};
		85B9DE122B686B7F00F0B660 /* Release */ = {
			isa = XCBuildConfiguration;
			buildSettings = {
				ALWAYS_EMBED_SWIFT_STANDARD_LIBRARIES = YES;
				CODE_SIGN_STYLE = Automatic;
				CURRENT_PROJECT_VERSION = 1;
				DEVELOPMENT_TEAM = WHB97KRP2U;
				GENERATE_INFOPLIST_FILE = YES;
				MARKETING_VERSION = 1.0;
				PRODUCT_BUNDLE_IDENTIFIER = AbrahamOrganiship.AIMusicAppUITests;
				PRODUCT_NAME = "$(TARGET_NAME)";
				SWIFT_EMIT_LOC_STRINGS = NO;
				SWIFT_VERSION = 5.0;
				TARGETED_DEVICE_FAMILY = "1,2";
				TEST_TARGET_NAME = AIMusicApp;
			};
			name = Release;
		};
/* End XCBuildConfiguration section */

/* Begin XCConfigurationList section */
		85B9DDE12B686B7D00F0B660 /* Build configuration list for PBXProject "AIMusicApp" */ = {
			isa = XCConfigurationList;
			buildConfigurations = (
				85B9DE082B686B7F00F0B660 /* Debug */,
				85B9DE092B686B7F00F0B660 /* Release */,
			);
			defaultConfigurationIsVisible = 0;
			defaultConfigurationName = Release;
		};
		85B9DE0A2B686B7F00F0B660 /* Build configuration list for PBXNativeTarget "AIMusicApp" */ = {
			isa = XCConfigurationList;
			buildConfigurations = (
				85B9DE0B2B686B7F00F0B660 /* Debug */,
				85B9DE0C2B686B7F00F0B660 /* Release */,
			);
			defaultConfigurationIsVisible = 0;
			defaultConfigurationName = Release;
		};
		85B9DE0D2B686B7F00F0B660 /* Build configuration list for PBXNativeTarget "AIMusicAppTests" */ = {
			isa = XCConfigurationList;
			buildConfigurations = (
				85B9DE0E2B686B7F00F0B660 /* Debug */,
				85B9DE0F2B686B7F00F0B660 /* Release */,
			);
			defaultConfigurationIsVisible = 0;
			defaultConfigurationName = Release;
		};
		85B9DE102B686B7F00F0B660 /* Build configuration list for PBXNativeTarget "AIMusicAppUITests" */ = {
			isa = XCConfigurationList;
			buildConfigurations = (
				85B9DE112B686B7F00F0B660 /* Debug */,
				85B9DE122B686B7F00F0B660 /* Release */,
			);
			defaultConfigurationIsVisible = 0;
			defaultConfigurationName = Release;
		};
/* End XCConfigurationList section */
	};
	rootObject = 85B9DDDE2B686B7D00F0B660 /* Project object */;
}
